
Microsoft Visual Studio Solution File, Format Version 12.00
# Visual Studio 15
VisualStudioVersion = 15.0.28307.1831
MinimumVisualStudioVersion = 10.0.40219.1
Project("{FAE04EC0-301F-11D3-BF4B-00C04F79EFBC}") = "MyShopDataManager", "MyShopDataManager\MyShopDataManager.csproj", "{9FF92B5D-23B9-4B50-9428-19D0AD295178}"
EndProject
Project("{00D1A9C2-B5F0-4AF3-8072-F6C62B433612}") = "MyShopDatabase", "MyShopDatabase\MyShopDatabase.sqlproj", "{BD73EFAC-3B7C-4587-A00C-698F9EE59298}"
EndProject
Project("{FAE04EC0-301F-11D3-BF4B-00C04F79EFBC}") = "MyShopWPFUI", "MyShopWPFUI\MyShopWPFUI.csproj", "{19BE90A3-C4E4-454F-AEA6-F9C00F7DC238}"
EndProject
Project("{FAE04EC0-301F-11D3-BF4B-00C04F79EFBC}") = "MyShopDataManager.Library", "ClassLibrary1\MyShopDataManager.Library.csproj", "{45466390-3378-43B2-BC98-862E8B6D1DA9}"
EndProject
Global
	GlobalSection(SolutionConfigurationPlatforms) = preSolution
		Debug|Any CPU = Debug|Any CPU
		Release|Any CPU = Release|Any CPU
	EndGlobalSection
	GlobalSection(ProjectConfigurationPlatforms) = postSolution
		{9FF92B5D-23B9-4B50-9428-19D0AD295178}.Debug|Any CPU.ActiveCfg = Debug|Any CPU
		{9FF92B5D-23B9-4B50-9428-19D0AD295178}.Debug|Any CPU.Build.0 = Debug|Any CPU
		{9FF92B5D-23B9-4B50-9428-19D0AD295178}.Release|Any CPU.ActiveCfg = Release|Any CPU
		{9FF92B5D-23B9-4B50-9428-19D0AD295178}.Release|Any CPU.Build.0 = Release|Any CPU
		{BD73EFAC-3B7C-4587-A00C-698F9EE59298}.Debug|Any CPU.ActiveCfg = Debug|Any CPU
		{BD73EFAC-3B7C-4587-A00C-698F9EE59298}.Debug|Any CPU.Build.0 = Debug|Any CPU
		{BD73EFAC-3B7C-4587-A00C-698F9EE59298}.Debug|Any CPU.Deploy.0 = Debug|Any CPU
		{BD73EFAC-3B7C-4587-A00C-698F9EE59298}.Release|Any CPU.ActiveCfg = Release|Any CPU
		{BD73EFAC-3B7C-4587-A00C-698F9EE59298}.Release|Any CPU.Build.0 = Release|Any CPU
		{BD73EFAC-3B7C-4587-A00C-698F9EE59298}.Release|Any CPU.Deploy.0 = Release|Any CPU
		{19BE90A3-C4E4-454F-AEA6-F9C00F7DC238}.Debug|Any CPU.ActiveCfg = Debug|Any CPU
		{19BE90A3-C4E4-454F-AEA6-F9C00F7DC238}.Debug|Any CPU.Build.0 = Debug|Any CPU
		{19BE90A3-C4E4-454F-AEA6-F9C00F7DC238}.Release|Any CPU.ActiveCfg = Release|Any CPU
		{19BE90A3-C4E4-454F-AEA6-F9C00F7DC238}.Release|Any CPU.Build.0 = Release|Any CPU
		{45466390-3378-43B2-BC98-862E8B6D1DA9}.Debug|Any CPU.ActiveCfg = Debug|Any CPU
		{45466390-3378-43B2-BC98-862E8B6D1DA9}.Debug|Any CPU.Build.0 = Debug|Any CPU
		{45466390-3378-43B2-BC98-862E8B6D1DA9}.Release|Any CPU.ActiveCfg = Release|Any CPU
		{45466390-3378-43B2-BC98-862E8B6D1DA9}.Release|Any CPU.Build.0 = Release|Any CPU
	EndGlobalSection
	GlobalSection(SolutionProperties) = preSolution
		HideSolutionNode = FALSE
	EndGlobalSection
	GlobalSection(ExtensibilityGlobals) = postSolution
		SolutionGuid = {C1B7E5DA-D570-4387-A703-05BEBFE4A1E8}
	EndGlobalSection
EndGlobal
